
Microsoft Visual Studio Solution File, Format Version 12.00
# Visual Studio Version 17
VisualStudioVersion = 17.4.33122.133
MinimumVisualStudioVersion = 10.0.40219.1
Project("{FAE04EC0-301F-11D3-BF4B-00C04F79EFBC}") = "CarServiceApi", "CarService\CarServiceApi.csproj", "{350DD3DB-A8B2-484B-B0CF-E6237804629B}"
EndProject
Global
	GlobalSection(SolutionConfigurationPlatforms) = preSolution
		Debug|Any CPU = Debug|Any CPU
		Release|Any CPU = Release|Any CPU
	EndGlobalSection
	GlobalSection(ProjectConfigurationPlatforms) = postSolution
		{350DD3DB-A8B2-484B-B0CF-E6237804629B}.Debug|Any CPU.ActiveCfg = Debug|Any CPU
		{350DD3DB-A8B2-484B-B0CF-E6237804629B}.Debug|Any CPU.Build.0 = Debug|Any CPU
		{350DD3DB-A8B2-484B-B0CF-E6237804629B}.Release|Any CPU.ActiveCfg = Release|Any CPU
		{350DD3DB-A8B2-484B-B0CF-E6237804629B}.Release|Any CPU.Build.0 = Release|Any CPU
	EndGlobalSection
	GlobalSection(SolutionProperties) = preSolution
		HideSolutionNode = FALSE
	EndGlobalSection
	GlobalSection(ExtensibilityGlobals) = postSolution
		SolutionGuid = {BE80E881-248F-4D1B-A4AC-6DB97C0DB787}
	EndGlobalSection
EndGlobal
